
Microsoft Visual Studio Solution File, Format Version 12.00
Project("{FAE04EC0-301F-11D3-BF4B-00C04F79EFBC}") = "MoniBlazorDotnet8Hack", "MoniBlazorDotnet8Hack.csproj", "{2091C05E-CAEE-494D-9165-443A9081020C}"
EndProject
Global
	GlobalSection(SolutionConfigurationPlatforms) = preSolution
		Debug|Any CPU = Debug|Any CPU
		Release|Any CPU = Release|Any CPU
	EndGlobalSection
	GlobalSection(ProjectConfigurationPlatforms) = postSolution
		{2091C05E-CAEE-494D-9165-443A9081020C}.Debug|Any CPU.ActiveCfg = Debug|Any CPU
		{2091C05E-CAEE-494D-9165-443A9081020C}.Debug|Any CPU.Build.0 = Debug|Any CPU
		{2091C05E-CAEE-494D-9165-443A9081020C}.Release|Any CPU.ActiveCfg = Release|Any CPU
		{2091C05E-CAEE-494D-9165-443A9081020C}.Release|Any CPU.Build.0 = Release|Any CPU
	EndGlobalSection
EndGlobal
